// !$*UTF8*$!
{
	archiveVersion = 1;
	classes = {
	};
	objectVersion = 46;
	objects = {

/* Begin PBXBuildFile section */
		0997AD671C09FF5D00709951 /* AppDelegate.swift in Sources */ = {isa = PBXBuildFile; fileRef = 0997AD661C09FF5D00709951 /* AppDelegate.swift */; };
		0997AD691C09FF5D00709951 /* ViewController.swift in Sources */ = {isa = PBXBuildFile; fileRef = 0997AD681C09FF5D00709951 /* ViewController.swift */; };
		0997AD6C1C09FF5D00709951 /* Main.storyboard in Resources */ = {isa = PBXBuildFile; fileRef = 0997AD6A1C09FF5D00709951 /* Main.storyboard */; };
		0997AD6E1C09FF5D00709951 /* Assets.xcassets in Resources */ = {isa = PBXBuildFile; fileRef = 0997AD6D1C09FF5D00709951 /* Assets.xcassets */; };
		0997AD711C09FF5D00709951 /* LaunchScreen.storyboard in Resources */ = {isa = PBXBuildFile; fileRef = 0997AD6F1C09FF5D00709951 /* LaunchScreen.storyboard */; };
		0997AD791C09FF8A00709951 /* Datos.swift in Sources */ = {isa = PBXBuildFile; fileRef = 0997AD781C09FF8A00709951 /* Datos.swift */; };
/* End PBXBuildFile section */

/* Begin PBXFileReference section */
		0997AD631C09FF5D00709951 /* Hamburguesas.app */ = {isa = PBXFileReference; explicitFileType = wrapper.application; includeInIndex = 0; path = Hamburguesas.app; sourceTree = BUILT_PRODUCTS_DIR; };
		0997AD661C09FF5D00709951 /* AppDelegate.swift */ = {isa = PBXFileReference; lastKnownFileType = sourcecode.swift; path = AppDelegate.swift; sourceTree = "<group>"; };
		0997AD681C09FF5D00709951 /* ViewController.swift */ = {isa = PBXFileReference; lastKnownFileType = sourcecode.swift; path = ViewController.swift; sourceTree = "<group>"; };
		0997AD6B1C09FF5D00709951 /* Base */ = {isa = PBXFileReference; lastKnownFileType = file.storyboard; name = Base; path = Base.lproj/Main.storyboard; sourceTree = "<group>"; };
		0997AD6D1C09FF5D00709951 /* Assets.xcassets */ = {isa = PBXFileReference; lastKnownFileType = folder.assetcatalog; path = Assets.xcassets; sourceTree = "<group>"; };
		0997AD701C09FF5D00709951 /* Base */ = {isa = PBXFileReference; lastKnownFileType = file.storyboard; name = Base; path = Base.lproj/LaunchScreen.storyboard; sourceTree = "<group>"; };
		0997AD721C09FF5D00709951 /* Info.plist */ = {isa = PBXFileReference; lastKnownFileType = text.plist.xml; path = Info.plist; sourceTree = "<group>"; };
		0997AD781C09FF8A00709951 /* Datos.swift */ = {isa = PBXFileReference; fileEncoding = 4; lastKnownFileType = sourcecode.swift; path = Datos.swift; sourceTree = "<group>"; };
/* End PBXFileReference section */

/* Begin PBXFrameworksBuildPhase section */
		0997AD601C09FF5D00709951 /* Frameworks */ = {
			isa = PBXFrameworksBuildPhase;
			buildActionMask = 2147483647;
			files = (
			);
			runOnlyForDeploymentPostprocessing = 0;
		};
/* End PBXFrameworksBuildPhase section */

/* Begin PBXGroup section */
		0997AD5A1C09FF5D00709951 = {
			isa = PBXGroup;
			children = (
				0997AD651C09FF5D00709951 /* Hamburguesas */,
				0997AD641C09FF5D00709951 /* Products */,
			);
			sourceTree = "<group>";
		};
		0997AD641C09FF5D00709951 /* Products */ = {
			isa = PBXGroup;
			children = (
				0997AD631C09FF5D00709951 /* Hamburguesas.app */,
			);
			name = Products;
			sourceTree = "<group>";
		};
		0997AD651C09FF5D00709951 /* Hamburguesas */ = {
			isa = PBXGroup;
			children = (
				0997AD661C09FF5D00709951 /* AppDelegate.swift */,
				0997AD681C09FF5D00709951 /* ViewController.swift */,
				0997AD6A1C09FF5D00709951 /* Main.storyboard */,
				0997AD6D1C09FF5D00709951 /* Assets.xcassets */,
				0997AD6F1C09FF5D00709951 /* LaunchScreen.storyboard */,
				0997AD721C09FF5D00709951 /* Info.plist */,
				0997AD781C09FF8A00709951 /* Datos.swift */,
			);
			path = Hamburguesas;
			sourceTree = "<group>";
		};
/* End PBXGroup section */

/* Begin PBXNativeTarget section */
		0997AD621C09FF5D00709951 /* Hamburguesas */ = {
			isa = PBXNativeTarget;
			buildConfigurationList = 0997AD751C09FF5D00709951 /* Build configuration list for PBXNativeTarget "Hamburguesas" */;
			buildPhases = (
				0997AD5F1C09FF5D00709951 /* Sources */,
				0997AD601C09FF5D00709951 /* Frameworks */,
				0997AD611C09FF5D00709951 /* Resources */,
			);
			buildRules = (
			);
			dependencies = (
			);
			name = Hamburguesas;
			productName = Hamburguesas;
			productReference = 0997AD631C09FF5D00709951 /* Hamburguesas.app */;
			productType = "com.apple.product-type.application";
		};
/* End PBXNativeTarget section */

/* Begin PBXProject section */
		0997AD5B1C09FF5D00709951 /* Project object */ = {
			isa = PBXProject;
			attributes = {
				LastSwiftUpdateCheck = 0720;
				LastUpgradeCheck = 0720;
				ORGANIZATIONNAME = "Cristina Blanco";
				TargetAttributes = {
					0997AD621C09FF5D00709951 = {
						CreatedOnToolsVersion = 7.2;
						DevelopmentTeam = Z4Z3BRS682;
					};
				};
			};
			buildConfigurationList = 0997AD5E1C09FF5D00709951 /* Build configuration list for PBXProject "Hamburguesas" */;
			compatibilityVersion = "Xcode 3.2";
			developmentRegion = English;
			hasScannedForEncodings = 0;
			knownRegions = (
				en,
				Base,
			);
			mainGroup = 0997AD5A1C09FF5D00709951;
			productRefGroup = 0997AD641C09FF5D00709951 /* Products */;
			projectDirPath = "";
			projectRoot = "";
			targets = (
				0997AD621C09FF5D00709951 /* Hamburguesas */,
			);
		};
/* End PBXProject section */

/* Begin PBXResourcesBuildPhase section */
		0997AD611C09FF5D00709951 /* Resources */ = {
			isa = PBXResourcesBuildPhase;
			buildActionMask = 2147483647;
			files = (
				0997AD711C09FF5D00709951 /* LaunchScreen.storyboard in Resources */,
				0997AD6E1C09FF5D00709951 /* Assets.xcassets in Resources */,
				0997AD6C1C09FF5D00709951 /* Main.storyboard in Resources */,
			);
			runOnlyForDeploymentPostprocessing = 0;
		};
/* End PBXResourcesBuildPhase section */

/* Begin PBXSourcesBuildPhase section */
		0997AD5F1C09FF5D00709951 /* Sources */ = {
			isa = PBXSourcesBuildPhase;
			buildActionMask = 2147483647;
			files = (
				0997AD691C09FF5D00709951 /* ViewController.swift in Sources */,
				0997AD671C09FF5D00709951 /* AppDelegate.swift in Sources */,
				0997AD791C09FF8A00709951 /* Datos.swift in Sources */,
			);
			runOnlyForDeploymentPostprocessing = 0;
		};
/* End PBXSourcesBuildPhase section */

/* Begin PBXVariantGroup section */
		0997AD6A1C09FF5D00709951 /* Main.storyboard */ = {
			isa = PBXVariantGroup;
			children = (
				0997AD6B1C09FF5D00709951 /* Base */,
			);
			name = Main.storyboard;
			sourceTree = "<group>";
		};
		0997AD6F1C09FF5D00709951 /* LaunchScreen.storyboard */ = {
			isa = PBXVariantGroup;
			children = (
				0997AD701C09FF5D00709951 /* Base */,
			);
			name = LaunchScreen.storyboard;
			sourceTree = "<group>";
		};
/* End PBXVariantGroup section */

/* Begin XCBuildConfiguration section */
		0997AD731C09FF5D00709951 /* Debug */ = {
			isa = XCBuildConfiguration;
			buildSettings = {
				ALWAYS_SEARCH_USER_PATHS = NO;
				CLANG_CXX_LANGUAGE_STANDARD = "gnu++0x";
				CLANG_CXX_LIBRARY = "libc++";
				CLANG_ENABLE_MODULES = YES;
				CLANG_ENABLE_OBJC_ARC = YES;
				CLANG_WARN_BOOL_CONVERSION = YES;
				CLANG_WARN_CONSTANT_CONVERSION = YES;
				CLANG_WARN_DIRECT_OBJC_ISA_USAGE = YES_ERROR;
				CLANG_WARN_EMPTY_BODY = YES;
				CLANG_WARN_ENUM_CONVERSION = YES;
				CLANG_WARN_INT_CONVERSION = YES;
				CLANG_WARN_OBJC_ROOT_CLASS = YES_ERROR;
				CLANG_WARN_UNREACHABLE_CODE = YES;
				CLANG_WARN__DUPLICATE_METHOD_MATCH = YES;
				"CODE_SIGN_IDENTITY[sdk=iphoneos*]" = "iPhone Developer";
				COPY_PHASE_STRIP = NO;
				DEBUG_INFORMATION_FORMAT = dwarf;
				ENABLE_STRICT_OBJC_MSGSEND = YES;
				ENABLE_TESTABILITY = YES;
				GCC_C_LANGUAGE_STANDARD = gnu99;
				GCC_DYNAMIC_NO_PIC = NO;
				GCC_NO_COMMON_BLOCKS = YES;
				GCC_OPTIMIZATION_LEVEL = 0;
				GCC_PREPROCESSOR_DEFINITIONS = (
					"DEBUG=1",
					"$(inherited)",
				);
				GCC_WARN_64_TO_32_BIT_CONVERSION = YES;
				GCC_WARN_ABOUT_RETURN_TYPE = YES_ERROR;
				GCC_WARN_UNDECLARED_SELECTOR = YES;
				GCC_WARN_UNINITIALIZED_AUTOS = YES_AGGRESSIVE;
				GCC_WARN_UNUSED_FUNCTION = YES;
				GCC_WARN_UNUSED_VARIABLE = YES;
				IPHONEOS_DEPLOYMENT_TARGET = 9.2;
				MTL_ENABLE_DEBUG_INFO = YES;
				ONLY_ACTIVE_ARCH = YES;
				SDKROOT = iphoneos;
				SWIFT_OPTIMIZATION_LEVEL = "-Onone";
				TARGETED_DEVICE_FAMILY = 2;
			};
			name = Debug;
		};
		0997AD741C09FF5D00709951 /* Release */ = {
			isa = XCBuildConfiguration;
			buildSettings = {
				ALWAYS_SEARCH_USER_PATHS = NO;
				CLANG_CXX_LANGUAGE_STANDARD = "gnu++0x";
				CLANG_CXX_LIBRARY = "libc++";
				CLANG_ENABLE_MODULES = YES;
				CLANG_ENABLE_OBJC_ARC = YES;
				CLANG_WARN_BOOL_CONVERSION = YES;
				CLANG_WARN_CONSTANT_CONVERSION = YES;
				CLANG_WARN_DIRECT_OBJC_ISA_USAGE = YES_ERROR;
				CLANG_WARN_EMPTY_BODY = YES;
				CLANG_WARN_ENUM_CONVERSION = YES;
				CLANG_WARN_INT_CONVERSION = YES;
				CLANG_WARN_OBJC_ROOT_CLASS = YES_ERROR;
				CLANG_WARN_UNREACHABLE_CODE = YES;
				CLANG_WARN__DUPLICATE_METHOD_MATCH = YES;
				"CODE_SIGN_IDENTITY[sdk=iphoneos*]" = "iPhone Developer";
				COPY_PHASE_STRIP = NO;
				DEBUG_INFORMATION_FORMAT = "dwarf-with-dsym";
				ENABLE_NS_ASSERTIONS = NO;
				ENABLE_STRICT_OBJC_MSGSEND = YES;
				GCC_C_LANGUAGE_STANDARD = gnu99;
				GCC_NO_COMMON_BLOCKS = YES;
				GCC_WARN_64_TO_32_BIT_CONVERSION = YES;
				GCC_WARN_ABOUT_RETURN_TYPE = YES_ERROR;
				GCC_WARN_UNDECLARED_SELECTOR = YES;
				GCC_WARN_UNINITIALIZED_AUTOS = YES_AGGRESSIVE;
				GCC_WARN_UNUSED_FUNCTION = YES;
				GCC_WARN_UNUSED_VARIABLE = YES;
				IPHONEOS_DEPLOYMENT_TARGET = 9.2;
				MTL_ENABLE_DEBUG_INFO = NO;
				SDKROOT = iphoneos;
				TARGETED_DEVICE_FAMILY = 2;
				VALIDATE_PRODUCT = YES;
			};
			name = Release;
		};
		0997AD761C09FF5D00709951 /* Debug */ = {
			isa = XCBuildConfiguration;
			buildSettings = {
				ASSETCATALOG_COMPILER_APPICON_NAME = AppIcon;
				INFOPLIST_FILE = Hamburguesas/Info.plist;
				IPHONEOS_DEPLOYMENT_TARGET = 8.4;
				LD_RUNPATH_SEARCH_PATHS = "$(inherited) @executable_path/Frameworks";
				PRODUCT_BUNDLE_IDENTIFIER = cris.Hamburguesas;
				PRODUCT_NAME = "$(TARGET_NAME)";
				TARGETED_DEVICE_FAMILY = "1,2";
			};
			name = Debug;
		};
		0997AD771C09FF5D00709951 /* Release */ = {
			isa = XCBuildConfiguration;
			buildSettings = {
				ASSETCATALOG_COMPILER_APPICON_NAME = AppIcon;
				INFOPLIST_FILE = Hamburguesas/Info.plist;
				IPHONEOS_DEPLOYMENT_TARGET = 8.4;
				LD_RUNPATH_SEARCH_PATHS = "$(inherited) @executable_path/Frameworks";
				PRODUCT_BUNDLE_IDENTIFIER = cris.Hamburguesas;
				PRODUCT_NAME = "$(TARGET_NAME)";
				TARGETED_DEVICE_FAMILY = "1,2";
			};
			name = Release;
		};
/* End XCBuildConfiguration section */

/* Begin XCConfigurationList section */
		0997AD5E1C09FF5D00709951 /* Build configuration list for PBXProject "Hamburguesas" */ = {
			isa = XCConfigurationList;
			buildConfigurations = (
				0997AD731C09FF5D00709951 /* Debug */,
				0997AD741C09FF5D00709951 /* Release */,
			);
			defaultConfigurationIsVisible = 0;
			defaultConfigurationName = Release;
		};
		0997AD751C09FF5D00709951 /* Build configuration list for PBXNativeTarget "Hamburguesas" */ = {
			isa = XCConfigurationList;
			buildConfigurations = (
				0997AD761C09FF5D00709951 /* Debug */,
				0997AD771C09FF5D00709951 /* Release */,
			);
			defaultConfigurationIsVisible = 0;
			defaultConfigurationName = Release;
		};
/* End XCConfigurationList section */
	};
	rootObject = 0997AD5B1C09FF5D00709951 /* Project object */;
}
